
Microsoft Visual Studio Solution File, Format Version 12.00
# Visual Studio Version 17
VisualStudioVersion = 17.6.33815.320
MinimumVisualStudioVersion = 10.0.40219.1
Project("{FAE04EC0-301F-11D3-BF4B-00C04F79EFBC}") = "020 Engetami", "020 Engetami\020 Engetami.csproj", "{45F01BFE-4B1C-4E42-A8E7-1BAB655CBF74}"
EndProject
Global
	GlobalSection(SolutionConfigurationPlatforms) = preSolution
		Debug|Any CPU = Debug|Any CPU
		Release|Any CPU = Release|Any CPU
	EndGlobalSection
	GlobalSection(ProjectConfigurationPlatforms) = postSolution
		{45F01BFE-4B1C-4E42-A8E7-1BAB655CBF74}.Debug|Any CPU.ActiveCfg = Debug|Any CPU
		{45F01BFE-4B1C-4E42-A8E7-1BAB655CBF74}.Debug|Any CPU.Build.0 = Debug|Any CPU
		{45F01BFE-4B1C-4E42-A8E7-1BAB655CBF74}.Release|Any CPU.ActiveCfg = Release|Any CPU
		{45F01BFE-4B1C-4E42-A8E7-1BAB655CBF74}.Release|Any CPU.Build.0 = Release|Any CPU
	EndGlobalSection
	GlobalSection(SolutionProperties) = preSolution
		HideSolutionNode = FALSE
	EndGlobalSection
	GlobalSection(ExtensibilityGlobals) = postSolution
		SolutionGuid = {790D8AEF-2E08-47B3-847D-4F39F223AE7B}
	EndGlobalSection
EndGlobal
